
Microsoft Visual Studio Solution File, Format Version 12.00
# Visual Studio Version 17
VisualStudioVersion = 17.14.36908.2 d17.14
MinimumVisualStudioVersion = 10.0.40219.1
Project("{8BC9CEB8-8B4A-11D0-8D11-00A0C91BC942}") = "Project1", "Project1.vcxproj", "{372318C7-8D68-4CEC-8A63-0FFBE2C464D3}"
EndProject
Global
	GlobalSection(SolutionConfigurationPlatforms) = preSolution
		Debug|x64 = Debug|x64
		Debug|x86 = Debug|x86
		Release|x64 = Release|x64
		Release|x86 = Release|x86
	EndGlobalSection
	GlobalSection(ProjectConfigurationPlatforms) = postSolution
		{372318C7-8D68-4CEC-8A63-0FFBE2C464D3}.Debug|x64.ActiveCfg = Debug|x64
		{372318C7-8D68-4CEC-8A63-0FFBE2C464D3}.Debug|x64.Build.0 = Debug|x64
		{372318C7-8D68-4CEC-8A63-0FFBE2C464D3}.Debug|x86.ActiveCfg = Debug|Win32
		{372318C7-8D68-4CEC-8A63-0FFBE2C464D3}.Debug|x86.Build.0 = Debug|Win32
		{372318C7-8D68-4CEC-8A63-0FFBE2C464D3}.Release|x64.ActiveCfg = Release|x64
		{372318C7-8D68-4CEC-8A63-0FFBE2C464D3}.Release|x64.Build.0 = Release|x64
		{372318C7-8D68-4CEC-8A63-0FFBE2C464D3}.Release|x86.ActiveCfg = Release|Win32
		{372318C7-8D68-4CEC-8A63-0FFBE2C464D3}.Release|x86.Build.0 = Release|Win32
	EndGlobalSection
	GlobalSection(SolutionProperties) = preSolution
		HideSolutionNode = FALSE
	EndGlobalSection
	GlobalSection(ExtensibilityGlobals) = postSolution
		SolutionGuid = {372BB8E6-E362-42F9-83D5-783510700797}
	EndGlobalSection
EndGlobal
